
Microsoft Visual Studio Solution File, Format Version 12.00
# Visual Studio Version 17
VisualStudioVersion = 17.11.35327.3
MinimumVisualStudioVersion = 10.0.40219.1
Project("{FAE04EC0-301F-11D3-BF4B-00C04F79EFBC}") = "VELOURA", "VELOURA\VELOURA.csproj", "{8B848780-B624-447D-883A-CC352D3CC519}"
EndProject
Global
	GlobalSection(SolutionConfigurationPlatforms) = preSolution
		Debug|Any CPU = Debug|Any CPU
		Release|Any CPU = Release|Any CPU
	EndGlobalSection
	GlobalSection(ProjectConfigurationPlatforms) = postSolution
		{8B848780-B624-447D-883A-CC352D3CC519}.Debug|Any CPU.ActiveCfg = Debug|Any CPU
		{8B848780-B624-447D-883A-CC352D3CC519}.Debug|Any CPU.Build.0 = Debug|Any CPU
		{8B848780-B624-447D-883A-CC352D3CC519}.Release|Any CPU.ActiveCfg = Release|Any CPU
		{8B848780-B624-447D-883A-CC352D3CC519}.Release|Any CPU.Build.0 = Release|Any CPU
	EndGlobalSection
	GlobalSection(SolutionProperties) = preSolution
		HideSolutionNode = FALSE
	EndGlobalSection
	GlobalSection(ExtensibilityGlobals) = postSolution
		SolutionGuid = {185BD5DC-7D08-41D3-9AD9-1F4DDA509AAD}
	EndGlobalSection
EndGlobal
